
Microsoft Visual Studio Solution File, Format Version 12.00
# Visual Studio Version 17
VisualStudioVersion = 17.8.34309.116
MinimumVisualStudioVersion = 10.0.40219.1
Project("{FAE04EC0-301F-11D3-BF4B-00C04F79EFBC}") = "MyAniList", "MyAniList.csproj", "{02119A56-C70B-41C9-AB6C-8D6A49DD46B0}"
EndProject
Global
	GlobalSection(SolutionConfigurationPlatforms) = preSolution
		Debug|Any CPU = Debug|Any CPU
		Release|Any CPU = Release|Any CPU
	EndGlobalSection
	GlobalSection(ProjectConfigurationPlatforms) = postSolution
		{02119A56-C70B-41C9-AB6C-8D6A49DD46B0}.Debug|Any CPU.ActiveCfg = Debug|Any CPU
		{02119A56-C70B-41C9-AB6C-8D6A49DD46B0}.Debug|Any CPU.Build.0 = Debug|Any CPU
		{02119A56-C70B-41C9-AB6C-8D6A49DD46B0}.Release|Any CPU.ActiveCfg = Release|Any CPU
		{02119A56-C70B-41C9-AB6C-8D6A49DD46B0}.Release|Any CPU.Build.0 = Release|Any CPU
	EndGlobalSection
	GlobalSection(SolutionProperties) = preSolution
		HideSolutionNode = FALSE
	EndGlobalSection
	GlobalSection(ExtensibilityGlobals) = postSolution
		SolutionGuid = {01581BED-52ED-4694-9E6E-29B807ACB167}
	EndGlobalSection
EndGlobal
